
Microsoft Visual Studio Solution File, Format Version 12.00
# Visual Studio 15
VisualStudioVersion = 15.0.28307.902
MinimumVisualStudioVersion = 10.0.40219.1
Project("{FAE04EC0-301F-11D3-BF4B-00C04F79EFBC}") = "AutoserviceApp", "AutoserviceApp\AutoserviceApp.csproj", "{F725410A-9C2F-4D71-A28E-E24A1D0F1DFF}"
EndProject
Global
	GlobalSection(SolutionConfigurationPlatforms) = preSolution
		Debug|Any CPU = Debug|Any CPU
		Release|Any CPU = Release|Any CPU
	EndGlobalSection
	GlobalSection(ProjectConfigurationPlatforms) = postSolution
		{F725410A-9C2F-4D71-A28E-E24A1D0F1DFF}.Debug|Any CPU.ActiveCfg = Debug|Any CPU
		{F725410A-9C2F-4D71-A28E-E24A1D0F1DFF}.Debug|Any CPU.Build.0 = Debug|Any CPU
		{F725410A-9C2F-4D71-A28E-E24A1D0F1DFF}.Release|Any CPU.ActiveCfg = Release|Any CPU
		{F725410A-9C2F-4D71-A28E-E24A1D0F1DFF}.Release|Any CPU.Build.0 = Release|Any CPU
	EndGlobalSection
	GlobalSection(SolutionProperties) = preSolution
		HideSolutionNode = FALSE
	EndGlobalSection
	GlobalSection(ExtensibilityGlobals) = postSolution
		SolutionGuid = {91CB0949-5921-4DB5-899F-062E73555B98}
	EndGlobalSection
EndGlobal
